// !$*UTF8*$!
{
	archiveVersion = 1;
	classes = {
	};
	objectVersion = 46;
	objects = {

/* Begin PBXBuildFile section */
		395F4B9AFC5FED8773E0164C /* Pods_parsetagramUITests.framework in Frameworks */ = {isa = PBXBuildFile; fileRef = 26EADD658A7DF80599BEFC2B /* Pods_parsetagramUITests.framework */; };
		3EC795321D18C83D007535BC /* SignUpViewController.swift in Sources */ = {isa = PBXBuildFile; fileRef = 3EC795311D18C83D007535BC /* SignUpViewController.swift */; };
		3ECDF0791D19B1060083AC57 /* Post.swift in Sources */ = {isa = PBXBuildFile; fileRef = 3ECDF0781D19B1060083AC57 /* Post.swift */; };
		3EF891981D1927A700B14F9A /* HomeViewController.swift in Sources */ = {isa = PBXBuildFile; fileRef = 3EF891971D1927A700B14F9A /* HomeViewController.swift */; };
		3EF8919A1D1927C200B14F9A /* ProfileViewController.swift in Sources */ = {isa = PBXBuildFile; fileRef = 3EF891991D1927C200B14F9A /* ProfileViewController.swift */; };
		3EF8919C1D1927D100B14F9A /* UploadViewController.swift in Sources */ = {isa = PBXBuildFile; fileRef = 3EF8919B1D1927D100B14F9A /* UploadViewController.swift */; };
		3EFDE3FA1D188B3B00C5458C /* AppDelegate.swift in Sources */ = {isa = PBXBuildFile; fileRef = 3EFDE3F91D188B3B00C5458C /* AppDelegate.swift */; };
		3EFDE3FC1D188B3B00C5458C /* ViewController.swift in Sources */ = {isa = PBXBuildFile; fileRef = 3EFDE3FB1D188B3B00C5458C /* ViewController.swift */; };
		3EFDE3FF1D188B3B00C5458C /* Main.storyboard in Resources */ = {isa = PBXBuildFile; fileRef = 3EFDE3FD1D188B3B00C5458C /* Main.storyboard */; };
		3EFDE4011D188B3B00C5458C /* Assets.xcassets in Resources */ = {isa = PBXBuildFile; fileRef = 3EFDE4001D188B3B00C5458C /* Assets.xcassets */; };
		3EFDE4041D188B3B00C5458C /* LaunchScreen.storyboard in Resources */ = {isa = PBXBuildFile; fileRef = 3EFDE4021D188B3B00C5458C /* LaunchScreen.storyboard */; };
		3EFDE40F1D188B3B00C5458C /* parsetagramTests.swift in Sources */ = {isa = PBXBuildFile; fileRef = 3EFDE40E1D188B3B00C5458C /* parsetagramTests.swift */; };
		3EFDE41A1D188B3B00C5458C /* parsetagramUITests.swift in Sources */ = {isa = PBXBuildFile; fileRef = 3EFDE4191D188B3B00C5458C /* parsetagramUITests.swift */; };
		3EFDE4281D18913900C5458C /* LoginViewController.swift in Sources */ = {isa = PBXBuildFile; fileRef = 3EFDE4271D18913900C5458C /* LoginViewController.swift */; };
		3EFDE4311D18B8EF00C5458C /* PhotoCell.swift in Sources */ = {isa = PBXBuildFile; fileRef = 3EFDE4301D18B8EF00C5458C /* PhotoCell.swift */; };
		442FF11AA5B23FB512BF9149 /* Pods_parsetagram.framework in Frameworks */ = {isa = PBXBuildFile; fileRef = 227A3DA2B917D61BDB04AA8E /* Pods_parsetagram.framework */; };
		A34947D0FF838FF97F2EAE07 /* Pods_parsetagramTests.framework in Frameworks */ = {isa = PBXBuildFile; fileRef = 6F5D79CD7E6627095B30E70B /* Pods_parsetagramTests.framework */; };
/* End PBXBuildFile section */

/* Begin PBXContainerItemProxy section */
		3EFDE40B1D188B3B00C5458C /* PBXContainerItemProxy */ = {
			isa = PBXContainerItemProxy;
			containerPortal = 3EFDE3EE1D188B3B00C5458C /* Project object */;
			proxyType = 1;
			remoteGlobalIDString = 3EFDE3F51D188B3B00C5458C;
			remoteInfo = parsetagram;
		};
		3EFDE4161D188B3B00C5458C /* PBXContainerItemProxy */ = {
			isa = PBXContainerItemProxy;
			containerPortal = 3EFDE3EE1D188B3B00C5458C /* Project object */;
			proxyType = 1;
			remoteGlobalIDString = 3EFDE3F51D188B3B00C5458C;
			remoteInfo = parsetagram;
		};
/* End PBXContainerItemProxy section */

/* Begin PBXFileReference section */
		071BFAF71420FC033A7E29BC /* Pods-parsetagramUITests.debug.xcconfig */ = {isa = PBXFileReference; includeInIndex = 1; lastKnownFileType = text.xcconfig; name = "Pods-parsetagramUITests.debug.xcconfig"; path = "Pods/Target Support Files/Pods-parsetagramUITests/Pods-parsetagramUITests.debug.xcconfig"; sourceTree = "<group>"; };
		227A3DA2B917D61BDB04AA8E /* Pods_parsetagram.framework */ = {isa = PBXFileReference; explicitFileType = wrapper.framework; includeInIndex = 0; path = Pods_parsetagram.framework; sourceTree = BUILT_PRODUCTS_DIR; };
		26EADD658A7DF80599BEFC2B /* Pods_parsetagramUITests.framework */ = {isa = PBXFileReference; explicitFileType = wrapper.framework; includeInIndex = 0; path = Pods_parsetagramUITests.framework; sourceTree = BUILT_PRODUCTS_DIR; };
		3EC795311D18C83D007535BC /* SignUpViewController.swift */ = {isa = PBXFileReference; fileEncoding = 4; lastKnownFileType = sourcecode.swift; path = SignUpViewController.swift; sourceTree = "<group>"; };
		3ECDF0781D19B1060083AC57 /* Post.swift */ = {isa = PBXFileReference; fileEncoding = 4; lastKnownFileType = sourcecode.swift; path = Post.swift; sourceTree = "<group>"; };
		3EF891971D1927A700B14F9A /* HomeViewController.swift */ = {isa = PBXFileReference; fileEncoding = 4; lastKnownFileType = sourcecode.swift; path = HomeViewController.swift; sourceTree = "<group>"; };
		3EF891991D1927C200B14F9A /* ProfileViewController.swift */ = {isa = PBXFileReference; fileEncoding = 4; lastKnownFileType = sourcecode.swift; path = ProfileViewController.swift; sourceTree = "<group>"; };
		3EF8919B1D1927D100B14F9A /* UploadViewController.swift */ = {isa = PBXFileReference; fileEncoding = 4; lastKnownFileType = sourcecode.swift; path = UploadViewController.swift; sourceTree = "<group>"; };
		3EFDE3F61D188B3B00C5458C /* parsetagram.app */ = {isa = PBXFileReference; explicitFileType = wrapper.application; includeInIndex = 0; path = parsetagram.app; sourceTree = BUILT_PRODUCTS_DIR; };
		3EFDE3F91D188B3B00C5458C /* AppDelegate.swift */ = {isa = PBXFileReference; lastKnownFileType = sourcecode.swift; path = AppDelegate.swift; sourceTree = "<group>"; };
		3EFDE3FB1D188B3B00C5458C /* ViewController.swift */ = {isa = PBXFileReference; lastKnownFileType = sourcecode.swift; path = ViewController.swift; sourceTree = "<group>"; };
		3EFDE3FE1D188B3B00C5458C /* Base */ = {isa = PBXFileReference; lastKnownFileType = file.storyboard; name = Base; path = Base.lproj/Main.storyboard; sourceTree = "<group>"; };
		3EFDE4001D188B3B00C5458C /* Assets.xcassets */ = {isa = PBXFileReference; lastKnownFileType = folder.assetcatalog; path = Assets.xcassets; sourceTree = "<group>"; };
		3EFDE4031D188B3B00C5458C /* Base */ = {isa = PBXFileReference; lastKnownFileType = file.storyboard; name = Base; path = Base.lproj/LaunchScreen.storyboard; sourceTree = "<group>"; };
		3EFDE4051D188B3B00C5458C /* Info.plist */ = {isa = PBXFileReference; lastKnownFileType = text.plist.xml; path = Info.plist; sourceTree = "<group>"; };
		3EFDE40A1D188B3B00C5458C /* parsetagramTests.xctest */ = {isa = PBXFileReference; explicitFileType = wrapper.cfbundle; includeInIndex = 0; path = parsetagramTests.xctest; sourceTree = BUILT_PRODUCTS_DIR; };
		3EFDE40E1D188B3B00C5458C /* parsetagramTests.swift */ = {isa = PBXFileReference; lastKnownFileType = sourcecode.swift; path = parsetagramTests.swift; sourceTree = "<group>"; };
		3EFDE4101D188B3B00C5458C /* Info.plist */ = {isa = PBXFileReference; lastKnownFileType = text.plist.xml; path = Info.plist; sourceTree = "<group>"; };
		3EFDE4151D188B3B00C5458C /* parsetagramUITests.xctest */ = {isa = PBXFileReference; explicitFileType = wrapper.cfbundle; includeInIndex = 0; path = parsetagramUITests.xctest; sourceTree = BUILT_PRODUCTS_DIR; };
		3EFDE4191D188B3B00C5458C /* parsetagramUITests.swift */ = {isa = PBXFileReference; lastKnownFileType = sourcecode.swift; path = parsetagramUITests.swift; sourceTree = "<group>"; };
		3EFDE41B1D188B3B00C5458C /* Info.plist */ = {isa = PBXFileReference; lastKnownFileType = text.plist.xml; path = Info.plist; sourceTree = "<group>"; };
		3EFDE4271D18913900C5458C /* LoginViewController.swift */ = {isa = PBXFileReference; fileEncoding = 4; lastKnownFileType = sourcecode.swift; path = LoginViewController.swift; sourceTree = "<group>"; };
		3EFDE4301D18B8EF00C5458C /* PhotoCell.swift */ = {isa = PBXFileReference; fileEncoding = 4; lastKnownFileType = sourcecode.swift; path = PhotoCell.swift; sourceTree = "<group>"; };
		47E84B3161BF20B65573B96B /* Pods-parsetagramTests.debug.xcconfig */ = {isa = PBXFileReference; includeInIndex = 1; lastKnownFileType = text.xcconfig; name = "Pods-parsetagramTests.debug.xcconfig"; path = "Pods/Target Support Files/Pods-parsetagramTests/Pods-parsetagramTests.debug.xcconfig"; sourceTree = "<group>"; };
		6F5D79CD7E6627095B30E70B /* Pods_parsetagramTests.framework */ = {isa = PBXFileReference; explicitFileType = wrapper.framework; includeInIndex = 0; path = Pods_parsetagramTests.framework; sourceTree = BUILT_PRODUCTS_DIR; };
		781A6CC15004B34EEB0459FD /* Pods-parsetagramTests.release.xcconfig */ = {isa = PBXFileReference; includeInIndex = 1; lastKnownFileType = text.xcconfig; name = "Pods-parsetagramTests.release.xcconfig"; path = "Pods/Target Support Files/Pods-parsetagramTests/Pods-parsetagramTests.release.xcconfig"; sourceTree = "<group>"; };
		974947713B40BF371775929F /* Pods-parsetagramUITests.release.xcconfig */ = {isa = PBXFileReference; includeInIndex = 1; lastKnownFileType = text.xcconfig; name = "Pods-parsetagramUITests.release.xcconfig"; path = "Pods/Target Support Files/Pods-parsetagramUITests/Pods-parsetagramUITests.release.xcconfig"; sourceTree = "<group>"; };
		A3985F65295CEEB9E64A78B4 /* Pods-parsetagram.debug.xcconfig */ = {isa = PBXFileReference; includeInIndex = 1; lastKnownFileType = text.xcconfig; name = "Pods-parsetagram.debug.xcconfig"; path = "Pods/Target Support Files/Pods-parsetagram/Pods-parsetagram.debug.xcconfig"; sourceTree = "<group>"; };
		B5F46EE238B50587DB7A9F69 /* Pods-parsetagram.release.xcconfig */ = {isa = PBXFileReference; includeInIndex = 1; lastKnownFileType = text.xcconfig; name = "Pods-parsetagram.release.xcconfig"; path = "Pods/Target Support Files/Pods-parsetagram/Pods-parsetagram.release.xcconfig"; sourceTree = "<group>"; };
/* End PBXFileReference section */

/* Begin PBXFrameworksBuildPhase section */
		3EFDE3F31D188B3B00C5458C /* Frameworks */ = {
			isa = PBXFrameworksBuildPhase;
			buildActionMask = 2147483647;
			files = (
				442FF11AA5B23FB512BF9149 /* Pods_parsetagram.framework in Frameworks */,
			);
			runOnlyForDeploymentPostprocessing = 0;
		};
		3EFDE4071D188B3B00C5458C /* Frameworks */ = {
			isa = PBXFrameworksBuildPhase;
			buildActionMask = 2147483647;
			files = (
				A34947D0FF838FF97F2EAE07 /* Pods_parsetagramTests.framework in Frameworks */,
			);
			runOnlyForDeploymentPostprocessing = 0;
		};
		3EFDE4121D188B3B00C5458C /* Frameworks */ = {
			isa = PBXFrameworksBuildPhase;
			buildActionMask = 2147483647;
			files = (
				395F4B9AFC5FED8773E0164C /* Pods_parsetagramUITests.framework in Frameworks */,
			);
			runOnlyForDeploymentPostprocessing = 0;
		};
/* End PBXFrameworksBuildPhase section */

/* Begin PBXGroup section */
		3EFDE3ED1D188B3B00C5458C = {
			isa = PBXGroup;
			children = (
				3EFDE3F81D188B3B00C5458C /* parsetagram */,
				3EFDE40D1D188B3B00C5458C /* parsetagramTests */,
				3EFDE4181D188B3B00C5458C /* parsetagramUITests */,
				3EFDE3F71D188B3B00C5458C /* Products */,
				E1CA40181D9595F85BE04FB7 /* Pods */,
				97B65CD4EADD3D02F5B31B21 /* Frameworks */,
			);
			sourceTree = "<group>";
		};
		3EFDE3F71D188B3B00C5458C /* Products */ = {
			isa = PBXGroup;
			children = (
				3EFDE3F61D188B3B00C5458C /* parsetagram.app */,
				3EFDE40A1D188B3B00C5458C /* parsetagramTests.xctest */,
				3EFDE4151D188B3B00C5458C /* parsetagramUITests.xctest */,
			);
			name = Products;
			sourceTree = "<group>";
		};
		3EFDE3F81D188B3B00C5458C /* parsetagram */ = {
			isa = PBXGroup;
			children = (
				3EFDE42F1D18A9D900C5458C /* View Controllers */,
				3EFDE3F91D188B3B00C5458C /* AppDelegate.swift */,
				3EFDE3FD1D188B3B00C5458C /* Main.storyboard */,
				3EFDE4301D18B8EF00C5458C /* PhotoCell.swift */,
				3EFDE4001D188B3B00C5458C /* Assets.xcassets */,
				3EFDE4021D188B3B00C5458C /* LaunchScreen.storyboard */,
				3EFDE4051D188B3B00C5458C /* Info.plist */,
			);
			path = parsetagram;
			sourceTree = "<group>";
		};
		3EFDE40D1D188B3B00C5458C /* parsetagramTests */ = {
			isa = PBXGroup;
			children = (
				3EFDE40E1D188B3B00C5458C /* parsetagramTests.swift */,
				3EFDE4101D188B3B00C5458C /* Info.plist */,
			);
			path = parsetagramTests;
			sourceTree = "<group>";
		};
		3EFDE4181D188B3B00C5458C /* parsetagramUITests */ = {
			isa = PBXGroup;
			children = (
				3EFDE4191D188B3B00C5458C /* parsetagramUITests.swift */,
				3EFDE41B1D188B3B00C5458C /* Info.plist */,
			);
			path = parsetagramUITests;
			sourceTree = "<group>";
		};
		3EFDE42F1D18A9D900C5458C /* View Controllers */ = {
			isa = PBXGroup;
			children = (
				3EC795311D18C83D007535BC /* SignUpViewController.swift */,
				3EF891971D1927A700B14F9A /* HomeViewController.swift */,
				3EF891991D1927C200B14F9A /* ProfileViewController.swift */,
				3EF8919B1D1927D100B14F9A /* UploadViewController.swift */,
				3ECDF0781D19B1060083AC57 /* Post.swift */,
				3EFDE4271D18913900C5458C /* LoginViewController.swift */,
				3EFDE3FB1D188B3B00C5458C /* ViewController.swift */,
			);
			name = "View Controllers";
			sourceTree = "<group>";
		};
		97B65CD4EADD3D02F5B31B21 /* Frameworks */ = {
			isa = PBXGroup;
			children = (
				227A3DA2B917D61BDB04AA8E /* Pods_parsetagram.framework */,
				6F5D79CD7E6627095B30E70B /* Pods_parsetagramTests.framework */,
				26EADD658A7DF80599BEFC2B /* Pods_parsetagramUITests.framework */,
			);
			name = Frameworks;
			sourceTree = "<group>";
		};
		E1CA40181D9595F85BE04FB7 /* Pods */ = {
			isa = PBXGroup;
			children = (
				A3985F65295CEEB9E64A78B4 /* Pods-parsetagram.debug.xcconfig */,
				B5F46EE238B50587DB7A9F69 /* Pods-parsetagram.release.xcconfig */,
				47E84B3161BF20B65573B96B /* Pods-parsetagramTests.debug.xcconfig */,
				781A6CC15004B34EEB0459FD /* Pods-parsetagramTests.release.xcconfig */,
				071BFAF71420FC033A7E29BC /* Pods-parsetagramUITests.debug.xcconfig */,
				974947713B40BF371775929F /* Pods-parsetagramUITests.release.xcconfig */,
			);
			name = Pods;
			sourceTree = "<group>";
		};
/* End PBXGroup section */

/* Begin PBXNativeTarget section */
		3EFDE3F51D188B3B00C5458C /* parsetagram */ = {
			isa = PBXNativeTarget;
			buildConfigurationList = 3EFDE41E1D188B3B00C5458C /* Build configuration list for PBXNativeTarget "parsetagram" */;
			buildPhases = (
				6EBAFB834D8147760D50325B /* [CP] Check Pods Manifest.lock */,
				3EFDE3F21D188B3B00C5458C /* Sources */,
				3EFDE3F31D188B3B00C5458C /* Frameworks */,
				3EFDE3F41D188B3B00C5458C /* Resources */,
				52AB84A3EEF456E534C02793 /* [CP] Embed Pods Frameworks */,
				883E43B72D804037F697627C /* [CP] Copy Pods Resources */,
			);
			buildRules = (
			);
			dependencies = (
			);
			name = parsetagram;
			productName = parsetagram;
			productReference = 3EFDE3F61D188B3B00C5458C /* parsetagram.app */;
			productType = "com.apple.product-type.application";
		};
		3EFDE4091D188B3B00C5458C /* parsetagramTests */ = {
			isa = PBXNativeTarget;
			buildConfigurationList = 3EFDE4211D188B3B00C5458C /* Build configuration list for PBXNativeTarget "parsetagramTests" */;
			buildPhases = (
				31834FB1AC8AAB7E9DC01AA0 /* [CP] Check Pods Manifest.lock */,
				3EFDE4061D188B3B00C5458C /* Sources */,
				3EFDE4071D188B3B00C5458C /* Frameworks */,
				3EFDE4081D188B3B00C5458C /* Resources */,
				9D963F438AE78CD78D723EE3 /* [CP] Embed Pods Frameworks */,
				453CBE148A1E0BE22E28241B /* [CP] Copy Pods Resources */,
			);
			buildRules = (
			);
			dependencies = (
				3EFDE40C1D188B3B00C5458C /* PBXTargetDependency */,
			);
			name = parsetagramTests;
			productName = parsetagramTests;
			productReference = 3EFDE40A1D188B3B00C5458C /* parsetagramTests.xctest */;
			productType = "com.apple.product-type.bundle.unit-test";
		};
		3EFDE4141D188B3B00C5458C /* parsetagramUITests */ = {
			isa = PBXNativeTarget;
			buildConfigurationList = 3EFDE4241D188B3B00C5458C /* Build configuration list for PBXNativeTarget "parsetagramUITests" */;
			buildPhases = (
				E94EE4D32EEA4EDD9E376143 /* [CP] Check Pods Manifest.lock */,
				3EFDE4111D188B3B00C5458C /* Sources */,
				3EFDE4121D188B3B00C5458C /* Frameworks */,
				3EFDE4131D188B3B00C5458C /* Resources */,
				3C1C1A6A7D6747FBA92C9B8D /* [CP] Copy Pods Resources */,
			);
			buildRules = (
			);
			dependencies = (
				3EFDE4171D188B3B00C5458C /* PBXTargetDependency */,
			);
			name = parsetagramUITests;
			productName = parsetagramUITests;
			productReference = 3EFDE4151D188B3B00C5458C /* parsetagramUITests.xctest */;
			productType = "com.apple.product-type.bundle.ui-testing";
		};
/* End PBXNativeTarget section */

/* Begin PBXProject section */
		3EFDE3EE1D188B3B00C5458C /* Project object */ = {
			isa = PBXProject;
			attributes = {
				LastSwiftUpdateCheck = 0730;
				LastUpgradeCheck = 0730;
				ORGANIZATIONNAME = "Sarah Zhou";
				TargetAttributes = {
					3EFDE3F51D188B3B00C5458C = {
						CreatedOnToolsVersion = 7.3.1;
					};
					3EFDE4091D188B3B00C5458C = {
						CreatedOnToolsVersion = 7.3.1;
						TestTargetID = 3EFDE3F51D188B3B00C5458C;
					};
					3EFDE4141D188B3B00C5458C = {
						CreatedOnToolsVersion = 7.3.1;
						TestTargetID = 3EFDE3F51D188B3B00C5458C;
					};
				};
			};
			buildConfigurationList = 3EFDE3F11D188B3B00C5458C /* Build configuration list for PBXProject "parsetagram" */;
			compatibilityVersion = "Xcode 3.2";
			developmentRegion = English;
			hasScannedForEncodings = 0;
			knownRegions = (
				en,
				Base,
			);
			mainGroup = 3EFDE3ED1D188B3B00C5458C;
			productRefGroup = 3EFDE3F71D188B3B00C5458C /* Products */;
			projectDirPath = "";
			projectRoot = "";
			targets = (
				3EFDE3F51D188B3B00C5458C /* parsetagram */,
				3EFDE4091D188B3B00C5458C /* parsetagramTests */,
				3EFDE4141D188B3B00C5458C /* parsetagramUITests */,
			);
		};
/* End PBXProject section */

/* Begin PBXResourcesBuildPhase section */
		3EFDE3F41D188B3B00C5458C /* Resources */ = {
			isa = PBXResourcesBuildPhase;
			buildActionMask = 2147483647;
			files = (
				3EFDE4041D188B3B00C5458C /* LaunchScreen.storyboard in Resources */,
				3EFDE4011D188B3B00C5458C /* Assets.xcassets in Resources */,
				3EFDE3FF1D188B3B00C5458C /* Main.storyboard in Resources */,
			);
			runOnlyForDeploymentPostprocessing = 0;
		};
		3EFDE4081D188B3B00C5458C /* Resources */ = {
			isa = PBXResourcesBuildPhase;
			buildActionMask = 2147483647;
			files = (
			);
			runOnlyForDeploymentPostprocessing = 0;
		};
		3EFDE4131D188B3B00C5458C /* Resources */ = {
			isa = PBXResourcesBuildPhase;
			buildActionMask = 2147483647;
			files = (
			);
			runOnlyForDeploymentPostprocessing = 0;
		};
/* End PBXResourcesBuildPhase section */

/* Begin PBXShellScriptBuildPhase section */
		31834FB1AC8AAB7E9DC01AA0 /* [CP] Check Pods Manifest.lock */ = {
			isa = PBXShellScriptBuildPhase;
			buildActionMask = 2147483647;
			files = (
			);
			inputPaths = (
			);
			name = "[CP] Check Pods Manifest.lock";
			outputPaths = (
			);
			runOnlyForDeploymentPostprocessing = 0;
			shellPath = /bin/sh;
			shellScript = "diff \"${PODS_ROOT}/../Podfile.lock\" \"${PODS_ROOT}/Manifest.lock\" > /dev/null\nif [[ $? != 0 ]] ; then\n    cat << EOM\nerror: The sandbox is not in sync with the Podfile.lock. Run 'pod install' or update your CocoaPods installation.\nEOM\n    exit 1\nfi\n";
			showEnvVarsInLog = 0;
		};
		3C1C1A6A7D6747FBA92C9B8D /* [CP] Copy Pods Resources */ = {
			isa = PBXShellScriptBuildPhase;
			buildActionMask = 2147483647;
			files = (
			);
			inputPaths = (
			);
			name = "[CP] Copy Pods Resources";
			outputPaths = (
			);
			runOnlyForDeploymentPostprocessing = 0;
			shellPath = /bin/sh;
			shellScript = "\"${SRCROOT}/Pods/Target Support Files/Pods-parsetagramUITests/Pods-parsetagramUITests-resources.sh\"\n";
			showEnvVarsInLog = 0;
		};
		453CBE148A1E0BE22E28241B /* [CP] Copy Pods Resources */ = {
			isa = PBXShellScriptBuildPhase;
			buildActionMask = 2147483647;
			files = (
			);
			inputPaths = (
			);
			name = "[CP] Copy Pods Resources";
			outputPaths = (
			);
			runOnlyForDeploymentPostprocessing = 0;
			shellPath = /bin/sh;
			shellScript = "\"${SRCROOT}/Pods/Target Support Files/Pods-parsetagramTests/Pods-parsetagramTests-resources.sh\"\n";
			showEnvVarsInLog = 0;
		};
		52AB84A3EEF456E534C02793 /* [CP] Embed Pods Frameworks */ = {
			isa = PBXShellScriptBuildPhase;
			buildActionMask = 2147483647;
			files = (
			);
			inputPaths = (
			);
			name = "[CP] Embed Pods Frameworks";
			outputPaths = (
			);
			runOnlyForDeploymentPostprocessing = 0;
			shellPath = /bin/sh;
			shellScript = "\"${SRCROOT}/Pods/Target Support Files/Pods-parsetagram/Pods-parsetagram-frameworks.sh\"\n";
			showEnvVarsInLog = 0;
		};
		6EBAFB834D8147760D50325B /* [CP] Check Pods Manifest.lock */ = {
			isa = PBXShellScriptBuildPhase;
			buildActionMask = 2147483647;
			files = (
			);
			inputPaths = (
			);
			name = "[CP] Check Pods Manifest.lock";
			outputPaths = (
			);
			runOnlyForDeploymentPostprocessing = 0;
			shellPath = /bin/sh;
			shellScript = "diff \"${PODS_ROOT}/../Podfile.lock\" \"${PODS_ROOT}/Manifest.lock\" > /dev/null\nif [[ $? != 0 ]] ; then\n    cat << EOM\nerror: The sandbox is not in sync with the Podfile.lock. Run 'pod install' or update your CocoaPods installation.\nEOM\n    exit 1\nfi\n";
			showEnvVarsInLog = 0;
		};
		883E43B72D804037F697627C /* [CP] Copy Pods Resources */ = {
			isa = PBXShellScriptBuildPhase;
			buildActionMask = 2147483647;
			files = (
			);
			inputPaths = (
			);
			name = "[CP] Copy Pods Resources";
			outputPaths = (
			);
			runOnlyForDeploymentPostprocessing = 0;
			shellPath = /bin/sh;
			shellScript = "\"${SRCROOT}/Pods/Target Support Files/Pods-parsetagram/Pods-parsetagram-resources.sh\"\n";
			showEnvVarsInLog = 0;
		};
		9D963F438AE78CD78D723EE3 /* [CP] Embed Pods Frameworks */ = {
			isa = PBXShellScriptBuildPhase;
			buildActionMask = 2147483647;
			files = (
			);
			inputPaths = (
			);
			name = "[CP] Embed Pods Frameworks";
			outputPaths = (
			);
			runOnlyForDeploymentPostprocessing = 0;
			shellPath = /bin/sh;
			shellScript = "\"${SRCROOT}/Pods/Target Support Files/Pods-parsetagramTests/Pods-parsetagramTests-frameworks.sh\"\n";
			showEnvVarsInLog = 0;
		};
		E94EE4D32EEA4EDD9E376143 /* [CP] Check Pods Manifest.lock */ = {
			isa = PBXShellScriptBuildPhase;
			buildActionMask = 2147483647;
			files = (
			);
			inputPaths = (
			);
			name = "[CP] Check Pods Manifest.lock";
			outputPaths = (
			);
			runOnlyForDeploymentPostprocessing = 0;
			shellPath = /bin/sh;
			shellScript = "diff \"${PODS_ROOT}/../Podfile.lock\" \"${PODS_ROOT}/Manifest.lock\" > /dev/null\nif [[ $? != 0 ]] ; then\n    cat << EOM\nerror: The sandbox is not in sync with the Podfile.lock. Run 'pod install' or update your CocoaPods installation.\nEOM\n    exit 1\nfi\n";
			showEnvVarsInLog = 0;
		};
/* End PBXShellScriptBuildPhase section */

/* Begin PBXSourcesBuildPhase section */
		3EFDE3F21D188B3B00C5458C /* Sources */ = {
			isa = PBXSourcesBuildPhase;
			buildActionMask = 2147483647;
			files = (
				3EFDE4311D18B8EF00C5458C /* PhotoCell.swift in Sources */,
				3EFDE4281D18913900C5458C /* LoginViewController.swift in Sources */,
				3EC795321D18C83D007535BC /* SignUpViewController.swift in Sources */,
				3EF8919C1D1927D100B14F9A /* UploadViewController.swift in Sources */,
				3EFDE3FC1D188B3B00C5458C /* ViewController.swift in Sources */,
				3EF891981D1927A700B14F9A /* HomeViewController.swift in Sources */,
				3ECDF0791D19B1060083AC57 /* Post.swift in Sources */,
				3EF8919A1D1927C200B14F9A /* ProfileViewController.swift in Sources */,
				3EFDE3FA1D188B3B00C5458C /* AppDelegate.swift in Sources */,
			);
			runOnlyForDeploymentPostprocessing = 0;
		};
		3EFDE4061D188B3B00C5458C /* Sources */ = {
			isa = PBXSourcesBuildPhase;
			buildActionMask = 2147483647;
			files = (
				3EFDE40F1D188B3B00C5458C /* parsetagramTests.swift in Sources */,
			);
			runOnlyForDeploymentPostprocessing = 0;
		};
		3EFDE4111D188B3B00C5458C /* Sources */ = {
			isa = PBXSourcesBuildPhase;
			buildActionMask = 2147483647;
			files = (
				3EFDE41A1D188B3B00C5458C /* parsetagramUITests.swift in Sources */,
			);
			runOnlyForDeploymentPostprocessing = 0;
		};
/* End PBXSourcesBuildPhase section */

/* Begin PBXTargetDependency section */
		3EFDE40C1D188B3B00C5458C /* PBXTargetDependency */ = {
			isa = PBXTargetDependency;
			target = 3EFDE3F51D188B3B00C5458C /* parsetagram */;
			targetProxy = 3EFDE40B1D188B3B00C5458C /* PBXContainerItemProxy */;
		};
		3EFDE4171D188B3B00C5458C /* PBXTargetDependency */ = {
			isa = PBXTargetDependency;
			target = 3EFDE3F51D188B3B00C5458C /* parsetagram */;
			targetProxy = 3EFDE4161D188B3B00C5458C /* PBXContainerItemProxy */;
		};
/* End PBXTargetDependency section */

/* Begin PBXVariantGroup section */
		3EFDE3FD1D188B3B00C5458C /* Main.storyboard */ = {
			isa = PBXVariantGroup;
			children = (
				3EFDE3FE1D188B3B00C5458C /* Base */,
			);
			name = Main.storyboard;
			sourceTree = "<group>";
		};
		3EFDE4021D188B3B00C5458C /* LaunchScreen.storyboard */ = {
			isa = PBXVariantGroup;
			children = (
				3EFDE4031D188B3B00C5458C /* Base */,
			);
			name = LaunchScreen.storyboard;
			sourceTree = "<group>";
		};
/* End PBXVariantGroup section */

/* Begin XCBuildConfiguration section */
		3EFDE41C1D188B3B00C5458C /* Debug */ = {
			isa = XCBuildConfiguration;
			buildSettings = {
				ALWAYS_SEARCH_USER_PATHS = NO;
				CLANG_ANALYZER_NONNULL = YES;
				CLANG_CXX_LANGUAGE_STANDARD = "gnu++0x";
				CLANG_CXX_LIBRARY = "libc++";
				CLANG_ENABLE_MODULES = YES;
				CLANG_ENABLE_OBJC_ARC = YES;
				CLANG_WARN_BOOL_CONVERSION = YES;
				CLANG_WARN_CONSTANT_CONVERSION = YES;
				CLANG_WARN_DIRECT_OBJC_ISA_USAGE = YES_ERROR;
				CLANG_WARN_EMPTY_BODY = YES;
				CLANG_WARN_ENUM_CONVERSION = YES;
				CLANG_WARN_INT_CONVERSION = YES;
				CLANG_WARN_OBJC_ROOT_CLASS = YES_ERROR;
				CLANG_WARN_UNREACHABLE_CODE = YES;
				CLANG_WARN__DUPLICATE_METHOD_MATCH = YES;
				"CODE_SIGN_IDENTITY[sdk=iphoneos*]" = "iPhone Developer";
				COPY_PHASE_STRIP = NO;
				DEBUG_INFORMATION_FORMAT = dwarf;
				ENABLE_STRICT_OBJC_MSGSEND = YES;
				ENABLE_TESTABILITY = YES;
				GCC_C_LANGUAGE_STANDARD = gnu99;
				GCC_DYNAMIC_NO_PIC = NO;
				GCC_NO_COMMON_BLOCKS = YES;
				GCC_OPTIMIZATION_LEVEL = 0;
				GCC_PREPROCESSOR_DEFINITIONS = (
					"DEBUG=1",
					"$(inherited)",
				);
				GCC_WARN_64_TO_32_BIT_CONVERSION = YES;
				GCC_WARN_ABOUT_RETURN_TYPE = YES_ERROR;
				GCC_WARN_UNDECLARED_SELECTOR = YES;
				GCC_WARN_UNINITIALIZED_AUTOS = YES_AGGRESSIVE;
				GCC_WARN_UNUSED_FUNCTION = YES;
				GCC_WARN_UNUSED_VARIABLE = YES;
				IPHONEOS_DEPLOYMENT_TARGET = 9.3;
				MTL_ENABLE_DEBUG_INFO = YES;
				ONLY_ACTIVE_ARCH = YES;
				SDKROOT = iphoneos;
				SWIFT_OPTIMIZATION_LEVEL = "-Onone";
			};
			name = Debug;
		};
		3EFDE41D1D188B3B00C5458C /* Release */ = {
			isa = XCBuildConfiguration;
			buildSettings = {
				ALWAYS_SEARCH_USER_PATHS = NO;
				CLANG_ANALYZER_NONNULL = YES;
				CLANG_CXX_LANGUAGE_STANDARD = "gnu++0x";
				CLANG_CXX_LIBRARY = "libc++";
				CLANG_ENABLE_MODULES = YES;
				CLANG_ENABLE_OBJC_ARC = YES;
				CLANG_WARN_BOOL_CONVERSION = YES;
				CLANG_WARN_CONSTANT_CONVERSION = YES;
				CLANG_WARN_DIRECT_OBJC_ISA_USAGE = YES_ERROR;
				CLANG_WARN_EMPTY_BODY = YES;
				CLANG_WARN_ENUM_CONVERSION = YES;
				CLANG_WARN_INT_CONVERSION = YES;
				CLANG_WARN_OBJC_ROOT_CLASS = YES_ERROR;
				CLANG_WARN_UNREACHABLE_CODE = YES;
				CLANG_WARN__DUPLICATE_METHOD_MATCH = YES;
				"CODE_SIGN_IDENTITY[sdk=iphoneos*]" = "iPhone Developer";
				COPY_PHASE_STRIP = NO;
				DEBUG_INFORMATION_FORMAT = "dwarf-with-dsym";
				ENABLE_NS_ASSERTIONS = NO;
				ENABLE_STRICT_OBJC_MSGSEND = YES;
				GCC_C_LANGUAGE_STANDARD = gnu99;
				GCC_NO_COMMON_BLOCKS = YES;
				GCC_WARN_64_TO_32_BIT_CONVERSION = YES;
				GCC_WARN_ABOUT_RETURN_TYPE = YES_ERROR;
				GCC_WARN_UNDECLARED_SELECTOR = YES;
				GCC_WARN_UNINITIALIZED_AUTOS = YES_AGGRESSIVE;
				GCC_WARN_UNUSED_FUNCTION = YES;
				GCC_WARN_UNUSED_VARIABLE = YES;
				IPHONEOS_DEPLOYMENT_TARGET = 9.3;
				MTL_ENABLE_DEBUG_INFO = NO;
				SDKROOT = iphoneos;
				VALIDATE_PRODUCT = YES;
			};
			name = Release;
		};
		3EFDE41F1D188B3B00C5458C /* Debug */ = {
			isa = XCBuildConfiguration;
			baseConfigurationReference = A3985F65295CEEB9E64A78B4 /* Pods-parsetagram.debug.xcconfig */;
			buildSettings = {
				ASSETCATALOG_COMPILER_APPICON_NAME = AppIcon;
				INFOPLIST_FILE = parsetagram/Info.plist;
				LD_RUNPATH_SEARCH_PATHS = "$(inherited) @executable_path/Frameworks";
				PRODUCT_BUNDLE_IDENTIFIER = syzhou.parsetagram;
				PRODUCT_NAME = "$(TARGET_NAME)";
			};
			name = Debug;
		};
		3EFDE4201D188B3B00C5458C /* Release */ = {
			isa = XCBuildConfiguration;
			baseConfigurationReference = B5F46EE238B50587DB7A9F69 /* Pods-parsetagram.release.xcconfig */;
			buildSettings = {
				ASSETCATALOG_COMPILER_APPICON_NAME = AppIcon;
				INFOPLIST_FILE = parsetagram/Info.plist;
				LD_RUNPATH_SEARCH_PATHS = "$(inherited) @executable_path/Frameworks";
				PRODUCT_BUNDLE_IDENTIFIER = syzhou.parsetagram;
				PRODUCT_NAME = "$(TARGET_NAME)";
			};
			name = Release;
		};
		3EFDE4221D188B3B00C5458C /* Debug */ = {
			isa = XCBuildConfiguration;
			baseConfigurationReference = 47E84B3161BF20B65573B96B /* Pods-parsetagramTests.debug.xcconfig */;
			buildSettings = {
				BUNDLE_LOADER = "$(TEST_HOST)";
				INFOPLIST_FILE = parsetagramTests/Info.plist;
				LD_RUNPATH_SEARCH_PATHS = "$(inherited) @executable_path/Frameworks @loader_path/Frameworks";
				PRODUCT_BUNDLE_IDENTIFIER = syzhou.parsetagramTests;
				PRODUCT_NAME = "$(TARGET_NAME)";
				TEST_HOST = "$(BUILT_PRODUCTS_DIR)/parsetagram.app/parsetagram";
			};
			name = Debug;
		};
		3EFDE4231D188B3B00C5458C /* Release */ = {
			isa = XCBuildConfiguration;
			baseConfigurationReference = 781A6CC15004B34EEB0459FD /* Pods-parsetagramTests.release.xcconfig */;
			buildSettings = {
				BUNDLE_LOADER = "$(TEST_HOST)";
				INFOPLIST_FILE = parsetagramTests/Info.plist;
				LD_RUNPATH_SEARCH_PATHS = "$(inherited) @executable_path/Frameworks @loader_path/Frameworks";
				PRODUCT_BUNDLE_IDENTIFIER = syzhou.parsetagramTests;
				PRODUCT_NAME = "$(TARGET_NAME)";
				TEST_HOST = "$(BUILT_PRODUCTS_DIR)/parsetagram.app/parsetagram";
			};
			name = Release;
		};
		3EFDE4251D188B3B00C5458C /* Debug */ = {
			isa = XCBuildConfiguration;
			baseConfigurationReference = 071BFAF71420FC033A7E29BC /* Pods-parsetagramUITests.debug.xcconfig */;
			buildSettings = {
				INFOPLIST_FILE = parsetagramUITests/Info.plist;
				LD_RUNPATH_SEARCH_PATHS = "$(inherited) @executable_path/Frameworks @loader_path/Frameworks";
				PRODUCT_BUNDLE_IDENTIFIER = syzhou.parsetagramUITests;
				PRODUCT_NAME = "$(TARGET_NAME)";
				TEST_TARGET_NAME = parsetagram;
			};
			name = Debug;
		};
		3EFDE4261D188B3B00C5458C /* Release */ = {
			isa = XCBuildConfiguration;
			baseConfigurationReference = 974947713B40BF371775929F /* Pods-parsetagramUITests.release.xcconfig */;
			buildSettings = {
				INFOPLIST_FILE = parsetagramUITests/Info.plist;
				LD_RUNPATH_SEARCH_PATHS = "$(inherited) @executable_path/Frameworks @loader_path/Frameworks";
				PRODUCT_BUNDLE_IDENTIFIER = syzhou.parsetagramUITests;
				PRODUCT_NAME = "$(TARGET_NAME)";
				TEST_TARGET_NAME = parsetagram;
			};
			name = Release;
		};
/* End XCBuildConfiguration section */

/* Begin XCConfigurationList section */
		3EFDE3F11D188B3B00C5458C /* Build configuration list for PBXProject "parsetagram" */ = {
			isa = XCConfigurationList;
			buildConfigurations = (
				3EFDE41C1D188B3B00C5458C /* Debug */,
				3EFDE41D1D188B3B00C5458C /* Release */,
			);
			defaultConfigurationIsVisible = 0;
			defaultConfigurationName = Release;
		};
		3EFDE41E1D188B3B00C5458C /* Build configuration list for PBXNativeTarget "parsetagram" */ = {
			isa = XCConfigurationList;
			buildConfigurations = (
				3EFDE41F1D188B3B00C5458C /* Debug */,
				3EFDE4201D188B3B00C5458C /* Release */,
			);
			defaultConfigurationIsVisible = 0;
			defaultConfigurationName = Release;
		};
		3EFDE4211D188B3B00C5458C /* Build configuration list for PBXNativeTarget "parsetagramTests" */ = {
			isa = XCConfigurationList;
			buildConfigurations = (
				3EFDE4221D188B3B00C5458C /* Debug */,
				3EFDE4231D188B3B00C5458C /* Release */,
			);
			defaultConfigurationIsVisible = 0;
			defaultConfigurationName = Release;
		};
		3EFDE4241D188B3B00C5458C /* Build configuration list for PBXNativeTarget "parsetagramUITests" */ = {
			isa = XCConfigurationList;
			buildConfigurations = (
				3EFDE4251D188B3B00C5458C /* Debug */,
				3EFDE4261D188B3B00C5458C /* Release */,
			);
			defaultConfigurationIsVisible = 0;
			defaultConfigurationName = Release;
		};
/* End XCConfigurationList section */
	};
	rootObject = 3EFDE3EE1D188B3B00C5458C /* Project object */;
}
